
Microsoft Visual Studio Solution File, Format Version 12.00
# Visual Studio Version 17
VisualStudioVersion = 17.9.34714.143
MinimumVisualStudioVersion = 10.0.40219.1
Project("{2150E333-8FDC-42A3-9474-1A3956D46DE8}") = "src", "src", "{19B6DB9C-D3E3-461A-9784-24C79376D168}"
EndProject
Project("{2150E333-8FDC-42A3-9474-1A3956D46DE8}") = "tests", "tests", "{DC13C370-BF67-438D-9F22-27467FD6ECBF}"
EndProject
Project("{2150E333-8FDC-42A3-9474-1A3956D46DE8}") = "Backend", "Backend", "{5CD7256D-3D43-4B54-97E4-2425BE10E51C}"
EndProject
Project("{9A19103F-16F7-4668-BE54-9A1E7A4F7556}") = "Api", "src\Backend\Api\Api.csproj", "{67A928D5-A2D8-4315-A2B4-55EA378D1A14}"
EndProject
Project("{9A19103F-16F7-4668-BE54-9A1E7A4F7556}") = "UseCases.Tests", "tests\UseCases.Tests\UseCases.Tests.csproj", "{D156FB82-D060-4BF0-93E1-AC03206E1443}"
EndProject
Project("{9A19103F-16F7-4668-BE54-9A1E7A4F7556}") = "Infrastructure", "src\Backend\Infrastructure\Infrastructure.csproj", "{65EC5478-EA81-42B0-B8B9-2ADC3435DC7E}"
EndProject
Project("{9A19103F-16F7-4668-BE54-9A1E7A4F7556}") = "Application", "src\Backend\Application\Application.csproj", "{65E03993-A305-4496-B9F4-23E4F2D65F68}"
EndProject
Project("{9A19103F-16F7-4668-BE54-9A1E7A4F7556}") = "Domain.Tests", "tests\Domain.Tests\Domain.Tests.csproj", "{6C9B74A8-3413-454B-BCB0-A547D78F0BF5}"
EndProject
Project("{9A19103F-16F7-4668-BE54-9A1E7A4F7556}") = "Api.Tests", "tests\Api.Tests\Api.Tests.csproj", "{1C726D6F-D7D1-4E55-A2B1-3A64D660302D}"
EndProject
Project("{9A19103F-16F7-4668-BE54-9A1E7A4F7556}") = "Utils.Tests", "tests\Utils.Tests\Utils.Tests.csproj", "{720F18F9-221C-4E20-89DA-4F6769F31597}"
EndProject
Project("{FAE04EC0-301F-11D3-BF4B-00C04F79EFBC}") = "Domain", "src\Backend\Domain\Domain.csproj", "{69517DEA-725F-4017-BBB9-8F93EAD5EA50}"
EndProject
Global
	GlobalSection(SolutionConfigurationPlatforms) = preSolution
		Debug|Any CPU = Debug|Any CPU
		Release|Any CPU = Release|Any CPU
	EndGlobalSection
	GlobalSection(ProjectConfigurationPlatforms) = postSolution
		{67A928D5-A2D8-4315-A2B4-55EA378D1A14}.Debug|Any CPU.ActiveCfg = Debug|Any CPU
		{67A928D5-A2D8-4315-A2B4-55EA378D1A14}.Debug|Any CPU.Build.0 = Debug|Any CPU
		{67A928D5-A2D8-4315-A2B4-55EA378D1A14}.Release|Any CPU.ActiveCfg = Release|Any CPU
		{67A928D5-A2D8-4315-A2B4-55EA378D1A14}.Release|Any CPU.Build.0 = Release|Any CPU
		{D156FB82-D060-4BF0-93E1-AC03206E1443}.Debug|Any CPU.ActiveCfg = Debug|Any CPU
		{D156FB82-D060-4BF0-93E1-AC03206E1443}.Debug|Any CPU.Build.0 = Debug|Any CPU
		{D156FB82-D060-4BF0-93E1-AC03206E1443}.Release|Any CPU.ActiveCfg = Release|Any CPU
		{D156FB82-D060-4BF0-93E1-AC03206E1443}.Release|Any CPU.Build.0 = Release|Any CPU
		{65EC5478-EA81-42B0-B8B9-2ADC3435DC7E}.Debug|Any CPU.ActiveCfg = Debug|Any CPU
		{65EC5478-EA81-42B0-B8B9-2ADC3435DC7E}.Debug|Any CPU.Build.0 = Debug|Any CPU
		{65EC5478-EA81-42B0-B8B9-2ADC3435DC7E}.Release|Any CPU.ActiveCfg = Release|Any CPU
		{65EC5478-EA81-42B0-B8B9-2ADC3435DC7E}.Release|Any CPU.Build.0 = Release|Any CPU
		{65E03993-A305-4496-B9F4-23E4F2D65F68}.Debug|Any CPU.ActiveCfg = Debug|Any CPU
		{65E03993-A305-4496-B9F4-23E4F2D65F68}.Debug|Any CPU.Build.0 = Debug|Any CPU
		{65E03993-A305-4496-B9F4-23E4F2D65F68}.Release|Any CPU.ActiveCfg = Release|Any CPU
		{65E03993-A305-4496-B9F4-23E4F2D65F68}.Release|Any CPU.Build.0 = Release|Any CPU
		{6C9B74A8-3413-454B-BCB0-A547D78F0BF5}.Debug|Any CPU.ActiveCfg = Debug|Any CPU
		{6C9B74A8-3413-454B-BCB0-A547D78F0BF5}.Debug|Any CPU.Build.0 = Debug|Any CPU
		{6C9B74A8-3413-454B-BCB0-A547D78F0BF5}.Release|Any CPU.ActiveCfg = Release|Any CPU
		{6C9B74A8-3413-454B-BCB0-A547D78F0BF5}.Release|Any CPU.Build.0 = Release|Any CPU
		{1C726D6F-D7D1-4E55-A2B1-3A64D660302D}.Debug|Any CPU.ActiveCfg = Debug|Any CPU
		{1C726D6F-D7D1-4E55-A2B1-3A64D660302D}.Debug|Any CPU.Build.0 = Debug|Any CPU
		{1C726D6F-D7D1-4E55-A2B1-3A64D660302D}.Release|Any CPU.ActiveCfg = Release|Any CPU
		{1C726D6F-D7D1-4E55-A2B1-3A64D660302D}.Release|Any CPU.Build.0 = Release|Any CPU
		{720F18F9-221C-4E20-89DA-4F6769F31597}.Debug|Any CPU.ActiveCfg = Debug|Any CPU
		{720F18F9-221C-4E20-89DA-4F6769F31597}.Debug|Any CPU.Build.0 = Debug|Any CPU
		{720F18F9-221C-4E20-89DA-4F6769F31597}.Release|Any CPU.ActiveCfg = Release|Any CPU
		{720F18F9-221C-4E20-89DA-4F6769F31597}.Release|Any CPU.Build.0 = Release|Any CPU
		{69517DEA-725F-4017-BBB9-8F93EAD5EA50}.Debug|Any CPU.ActiveCfg = Debug|Any CPU
		{69517DEA-725F-4017-BBB9-8F93EAD5EA50}.Debug|Any CPU.Build.0 = Debug|Any CPU
		{69517DEA-725F-4017-BBB9-8F93EAD5EA50}.Release|Any CPU.ActiveCfg = Release|Any CPU
		{69517DEA-725F-4017-BBB9-8F93EAD5EA50}.Release|Any CPU.Build.0 = Release|Any CPU
	EndGlobalSection
	GlobalSection(SolutionProperties) = preSolution
		HideSolutionNode = FALSE
	EndGlobalSection
	GlobalSection(NestedProjects) = preSolution
		{5CD7256D-3D43-4B54-97E4-2425BE10E51C} = {19B6DB9C-D3E3-461A-9784-24C79376D168}
		{67A928D5-A2D8-4315-A2B4-55EA378D1A14} = {5CD7256D-3D43-4B54-97E4-2425BE10E51C}
		{D156FB82-D060-4BF0-93E1-AC03206E1443} = {DC13C370-BF67-438D-9F22-27467FD6ECBF}
		{65EC5478-EA81-42B0-B8B9-2ADC3435DC7E} = {5CD7256D-3D43-4B54-97E4-2425BE10E51C}
		{65E03993-A305-4496-B9F4-23E4F2D65F68} = {5CD7256D-3D43-4B54-97E4-2425BE10E51C}
		{6C9B74A8-3413-454B-BCB0-A547D78F0BF5} = {DC13C370-BF67-438D-9F22-27467FD6ECBF}
		{1C726D6F-D7D1-4E55-A2B1-3A64D660302D} = {DC13C370-BF67-438D-9F22-27467FD6ECBF}
		{720F18F9-221C-4E20-89DA-4F6769F31597} = {DC13C370-BF67-438D-9F22-27467FD6ECBF}
		{69517DEA-725F-4017-BBB9-8F93EAD5EA50} = {5CD7256D-3D43-4B54-97E4-2425BE10E51C}
	EndGlobalSection
	GlobalSection(ExtensibilityGlobals) = postSolution
		SolutionGuid = {17896BD7-C798-496F-9013-28629A51A940}
	EndGlobalSection
EndGlobal
