
Microsoft Visual Studio Solution File, Format Version 12.00
# Visual Studio Version 17
VisualStudioVersion = 17.9.34714.143
MinimumVisualStudioVersion = 10.0.40219.1
Project("{FAE04EC0-301F-11D3-BF4B-00C04F79EFBC}") = "Api", "FiapFlicks\Api.csproj", "{D733C2C8-63B6-4376-93AF-31891E191D64}"
EndProject
Project("{FAE04EC0-301F-11D3-BF4B-00C04F79EFBC}") = "Infrastructure", "Infrastructure\Infrastructure.csproj", "{0C22F2A9-6AD6-4F8C-8306-2B4903166C11}"
EndProject
Project("{FAE04EC0-301F-11D3-BF4B-00C04F79EFBC}") = "Domain", "Domain\Domain.csproj", "{827D0069-0552-45EC-A9B5-31B98338D389}"
EndProject
Project("{FAE04EC0-301F-11D3-BF4B-00C04F79EFBC}") = "Application", "Application\Application.csproj", "{688898CB-C6F8-4BC5-9007-063427115084}"
EndProject
Project("{FAE04EC0-301F-11D3-BF4B-00C04F79EFBC}") = "Tests", "Tests\Tests.csproj", "{BE3C62AE-283E-49B3-AC9A-B451BB1937D3}"
EndProject
Global
	GlobalSection(SolutionConfigurationPlatforms) = preSolution
		Debug|Any CPU = Debug|Any CPU
		Release|Any CPU = Release|Any CPU
	EndGlobalSection
	GlobalSection(ProjectConfigurationPlatforms) = postSolution
		{D733C2C8-63B6-4376-93AF-31891E191D64}.Debug|Any CPU.ActiveCfg = Debug|Any CPU
		{D733C2C8-63B6-4376-93AF-31891E191D64}.Debug|Any CPU.Build.0 = Debug|Any CPU
		{D733C2C8-63B6-4376-93AF-31891E191D64}.Release|Any CPU.ActiveCfg = Release|Any CPU
		{D733C2C8-63B6-4376-93AF-31891E191D64}.Release|Any CPU.Build.0 = Release|Any CPU
		{0C22F2A9-6AD6-4F8C-8306-2B4903166C11}.Debug|Any CPU.ActiveCfg = Debug|Any CPU
		{0C22F2A9-6AD6-4F8C-8306-2B4903166C11}.Debug|Any CPU.Build.0 = Debug|Any CPU
		{0C22F2A9-6AD6-4F8C-8306-2B4903166C11}.Release|Any CPU.ActiveCfg = Release|Any CPU
		{0C22F2A9-6AD6-4F8C-8306-2B4903166C11}.Release|Any CPU.Build.0 = Release|Any CPU
		{827D0069-0552-45EC-A9B5-31B98338D389}.Debug|Any CPU.ActiveCfg = Debug|Any CPU
		{827D0069-0552-45EC-A9B5-31B98338D389}.Debug|Any CPU.Build.0 = Debug|Any CPU
		{827D0069-0552-45EC-A9B5-31B98338D389}.Release|Any CPU.ActiveCfg = Release|Any CPU
		{827D0069-0552-45EC-A9B5-31B98338D389}.Release|Any CPU.Build.0 = Release|Any CPU
		{688898CB-C6F8-4BC5-9007-063427115084}.Debug|Any CPU.ActiveCfg = Debug|Any CPU
		{688898CB-C6F8-4BC5-9007-063427115084}.Debug|Any CPU.Build.0 = Debug|Any CPU
		{688898CB-C6F8-4BC5-9007-063427115084}.Release|Any CPU.ActiveCfg = Release|Any CPU
		{688898CB-C6F8-4BC5-9007-063427115084}.Release|Any CPU.Build.0 = Release|Any CPU
		{BE3C62AE-283E-49B3-AC9A-B451BB1937D3}.Debug|Any CPU.ActiveCfg = Debug|Any CPU
		{BE3C62AE-283E-49B3-AC9A-B451BB1937D3}.Debug|Any CPU.Build.0 = Debug|Any CPU
		{BE3C62AE-283E-49B3-AC9A-B451BB1937D3}.Release|Any CPU.ActiveCfg = Release|Any CPU
		{BE3C62AE-283E-49B3-AC9A-B451BB1937D3}.Release|Any CPU.Build.0 = Release|Any CPU
	EndGlobalSection
	GlobalSection(SolutionProperties) = preSolution
		HideSolutionNode = FALSE
	EndGlobalSection
	GlobalSection(ExtensibilityGlobals) = postSolution
		SolutionGuid = {F2ABC4EC-F60D-484C-8C6C-8EED5F6DC46F}
	EndGlobalSection
EndGlobal
